{
  "name": "untitled1",
  "lockfileVersion": 2,
  "requires": true,
  "packages": {
    "": {
      "dependencies": {
        "group-by-with-sum": "^2.0.0"
      }
    },
    "node_modules/group-by-with": {
      "version": "1.0.0",
      "resolved": "https://registry.npmjs.org/group-by-with/-/group-by-with-1.0.0.tgz",
      "integrity": "sha512-jNRFb0tjdVBtoJxxwSiUrRxVPj1yj/5aLxdGSBf86KEuIUa0EC15BU4r5LjjB2CYSEJlDnMBNpwwcfbwq1YlrQ=="
    },
    "node_modules/group-by-with-sum": {
      "version": "2.0.0",
      "resolved": "https://registry.npmjs.org/group-by-with-sum/-/group-by-with-sum-2.0.0.tgz",
      "integrity": "sha512-n2o+z7XAdAYztRaPitC7VImFH+y9xMR2xhYb+dWbXhH/A2F02M+Uk4FZTojbwulDedF74xSh1gTgEYhvh+imrg==",
      "dependencies": {
        "group-by-with": "1.0.0"
      }
    }
  },
  "dependencies": {
    "group-by-with": {
      "version": "1.0.0",
      "resolved": "https://registry.npmjs.org/group-by-with/-/group-by-with-1.0.0.tgz",
      "integrity": "sha512-jNRFb0tjdVBtoJxxwSiUrRxVPj1yj/5aLxdGSBf86KEuIUa0EC15BU4r5LjjB2CYSEJlDnMBNpwwcfbwq1YlrQ=="
    },
    "group-by-with-sum": {
      "version": "2.0.0",
      "resolved": "https://registry.npmjs.org/group-by-with-sum/-/group-by-with-sum-2.0.0.tgz",
      "integrity": "sha512-n2o+z7XAdAYztRaPitC7VImFH+y9xMR2xhYb+dWbXhH/A2F02M+Uk4FZTojbwulDedF74xSh1gTgEYhvh+imrg==",
      "requires": {
        "group-by-with": "1.0.0"
      }
    }
  }
}
